
Microsoft Visual Studio Solution File, Format Version 12.00
# Visual Studio Version 17
VisualStudioVersion = 17.11.35303.130
MinimumVisualStudioVersion = 10.0.40219.1
Project("{FAE04EC0-301F-11D3-BF4B-00C04F79EFBC}") = "Core.Server", "Core.Server\Core.Server.csproj", "{508032FC-E60E-46D6-9C4C-E33E16A60E6B}"
EndProject
Project("{54A90642-561A-4BB1-A94E-469ADEE60C69}") = "core.client", "core.client\core.client.esproj", "{801A7FB7-A6C9-4A75-89F1-34288060A932}"
EndProject
Global
	GlobalSection(SolutionConfigurationPlatforms) = preSolution
		Debug|Any CPU = Debug|Any CPU
		Release|Any CPU = Release|Any CPU
	EndGlobalSection
	GlobalSection(ProjectConfigurationPlatforms) = postSolution
		{508032FC-E60E-46D6-9C4C-E33E16A60E6B}.Debug|Any CPU.ActiveCfg = Debug|Any CPU
		{508032FC-E60E-46D6-9C4C-E33E16A60E6B}.Debug|Any CPU.Build.0 = Debug|Any CPU
		{508032FC-E60E-46D6-9C4C-E33E16A60E6B}.Release|Any CPU.ActiveCfg = Release|Any CPU
		{508032FC-E60E-46D6-9C4C-E33E16A60E6B}.Release|Any CPU.Build.0 = Release|Any CPU
		{801A7FB7-A6C9-4A75-89F1-34288060A932}.Debug|Any CPU.ActiveCfg = Debug|Any CPU
		{801A7FB7-A6C9-4A75-89F1-34288060A932}.Debug|Any CPU.Build.0 = Debug|Any CPU
		{801A7FB7-A6C9-4A75-89F1-34288060A932}.Debug|Any CPU.Deploy.0 = Debug|Any CPU
		{801A7FB7-A6C9-4A75-89F1-34288060A932}.Release|Any CPU.ActiveCfg = Release|Any CPU
		{801A7FB7-A6C9-4A75-89F1-34288060A932}.Release|Any CPU.Build.0 = Release|Any CPU
		{801A7FB7-A6C9-4A75-89F1-34288060A932}.Release|Any CPU.Deploy.0 = Release|Any CPU
	EndGlobalSection
	GlobalSection(SolutionProperties) = preSolution
		HideSolutionNode = FALSE
	EndGlobalSection
	GlobalSection(ExtensibilityGlobals) = postSolution
		SolutionGuid = {9BD97363-80D7-4EEA-9626-62778F7EFB10}
	EndGlobalSection
EndGlobal
